
Microsoft Visual Studio Solution File, Format Version 12.00
# Visual Studio Version 17
VisualStudioVersion = 17.5.33627.172
MinimumVisualStudioVersion = 10.0.40219.1
Project("{FAE04EC0-301F-11D3-BF4B-00C04F79EFBC}") = "Complex(W)", "Complex(W)\Complex(W).csproj", "{B6CDA16F-9B8F-4151-9775-BB8725DDEE26}"
EndProject
Global
	GlobalSection(SolutionConfigurationPlatforms) = preSolution
		Debug|Any CPU = Debug|Any CPU
		Release|Any CPU = Release|Any CPU
	EndGlobalSection
	GlobalSection(ProjectConfigurationPlatforms) = postSolution
		{B6CDA16F-9B8F-4151-9775-BB8725DDEE26}.Debug|Any CPU.ActiveCfg = Debug|Any CPU
		{B6CDA16F-9B8F-4151-9775-BB8725DDEE26}.Debug|Any CPU.Build.0 = Debug|Any CPU
		{B6CDA16F-9B8F-4151-9775-BB8725DDEE26}.Release|Any CPU.ActiveCfg = Release|Any CPU
		{B6CDA16F-9B8F-4151-9775-BB8725DDEE26}.Release|Any CPU.Build.0 = Release|Any CPU
	EndGlobalSection
	GlobalSection(SolutionProperties) = preSolution
		HideSolutionNode = FALSE
	EndGlobalSection
	GlobalSection(ExtensibilityGlobals) = postSolution
		SolutionGuid = {198059F7-17C7-4CF0-AA91-D5312ED89FD7}
	EndGlobalSection
EndGlobal
